// !$*UTF8*$!
{
	archiveVersion = 1;
	classes = {
	};
	objectVersion = 50;
	objects = {

/* Begin PBXBuildFile section */
		6D788836250B1DC100C7EAB8 /* AppDelegate.swift in Sources */ = {isa = PBXBuildFile; fileRef = 6D788835250B1DC100C7EAB8 /* AppDelegate.swift */; };
		6D788838250B1DC100C7EAB8 /* SceneDelegate.swift in Sources */ = {isa = PBXBuildFile; fileRef = 6D788837250B1DC100C7EAB8 /* SceneDelegate.swift */; };
		6D78883A250B1DC100C7EAB8 /* ViewController.swift in Sources */ = {isa = PBXBuildFile; fileRef = 6D788839250B1DC100C7EAB8 /* ViewController.swift */; };
		6D78883D250B1DC100C7EAB8 /* Main.storyboard in Resources */ = {isa = PBXBuildFile; fileRef = 6D78883B250B1DC100C7EAB8 /* Main.storyboard */; };
		6D78883F250B1DC200C7EAB8 /* Assets.xcassets in Resources */ = {isa = PBXBuildFile; fileRef = 6D78883E250B1DC200C7EAB8 /* Assets.xcassets */; };
		6D788842250B1DC200C7EAB8 /* LaunchScreen.storyboard in Resources */ = {isa = PBXBuildFile; fileRef = 6D788840250B1DC200C7EAB8 /* LaunchScreen.storyboard */; };
		6D78884D250B1DC200C7EAB8 /* NewTests.swift in Sources */ = {isa = PBXBuildFile; fileRef = 6D78884C250B1DC200C7EAB8 /* NewTests.swift */; };
		6D788858250B1DC200C7EAB8 /* NewUITests.swift in Sources */ = {isa = PBXBuildFile; fileRef = 6D788857250B1DC200C7EAB8 /* NewUITests.swift */; };
/* End PBXBuildFile section */

/* Begin PBXContainerItemProxy section */
		6D788849250B1DC200C7EAB8 /* PBXContainerItemProxy */ = {
			isa = PBXContainerItemProxy;
			containerPortal = 6D78882A250B1DC100C7EAB8 /* Project object */;
			proxyType = 1;
			remoteGlobalIDString = 6D788831250B1DC100C7EAB8;
			remoteInfo = New;
		};
		6D788854250B1DC200C7EAB8 /* PBXContainerItemProxy */ = {
			isa = PBXContainerItemProxy;
			containerPortal = 6D78882A250B1DC100C7EAB8 /* Project object */;
			proxyType = 1;
			remoteGlobalIDString = 6D788831250B1DC100C7EAB8;
			remoteInfo = New;
		};
/* End PBXContainerItemProxy section */

/* Begin PBXFileReference section */
		6D788832250B1DC100C7EAB8 /* TextReverser.app */ = {isa = PBXFileReference; explicitFileType = wrapper.application; includeInIndex = 0; path = TextReverser.app; sourceTree = BUILT_PRODUCTS_DIR; };
		6D788835250B1DC100C7EAB8 /* AppDelegate.swift */ = {isa = PBXFileReference; lastKnownFileType = sourcecode.swift; path = AppDelegate.swift; sourceTree = "<group>"; };
		6D788837250B1DC100C7EAB8 /* SceneDelegate.swift */ = {isa = PBXFileReference; lastKnownFileType = sourcecode.swift; path = SceneDelegate.swift; sourceTree = "<group>"; };
		6D788839250B1DC100C7EAB8 /* ViewController.swift */ = {isa = PBXFileReference; lastKnownFileType = sourcecode.swift; path = ViewController.swift; sourceTree = "<group>"; };
		6D78883C250B1DC100C7EAB8 /* Base */ = {isa = PBXFileReference; lastKnownFileType = file.storyboard; name = Base; path = Base.lproj/Main.storyboard; sourceTree = "<group>"; };
		6D78883E250B1DC200C7EAB8 /* Assets.xcassets */ = {isa = PBXFileReference; lastKnownFileType = folder.assetcatalog; path = Assets.xcassets; sourceTree = "<group>"; };
		6D788841250B1DC200C7EAB8 /* Base */ = {isa = PBXFileReference; lastKnownFileType = file.storyboard; name = Base; path = Base.lproj/LaunchScreen.storyboard; sourceTree = "<group>"; };
		6D788843250B1DC200C7EAB8 /* Info.plist */ = {isa = PBXFileReference; lastKnownFileType = text.plist.xml; path = Info.plist; sourceTree = "<group>"; };
		6D788848250B1DC200C7EAB8 /* NewTests.xctest */ = {isa = PBXFileReference; explicitFileType = wrapper.cfbundle; includeInIndex = 0; path = NewTests.xctest; sourceTree = BUILT_PRODUCTS_DIR; };
		6D78884C250B1DC200C7EAB8 /* NewTests.swift */ = {isa = PBXFileReference; lastKnownFileType = sourcecode.swift; path = NewTests.swift; sourceTree = "<group>"; };
		6D78884E250B1DC200C7EAB8 /* Info.plist */ = {isa = PBXFileReference; lastKnownFileType = text.plist.xml; path = Info.plist; sourceTree = "<group>"; };
		6D788853250B1DC200C7EAB8 /* NewUITests.xctest */ = {isa = PBXFileReference; explicitFileType = wrapper.cfbundle; includeInIndex = 0; path = NewUITests.xctest; sourceTree = BUILT_PRODUCTS_DIR; };
		6D788857250B1DC200C7EAB8 /* NewUITests.swift */ = {isa = PBXFileReference; lastKnownFileType = sourcecode.swift; path = NewUITests.swift; sourceTree = "<group>"; };
		6D788859250B1DC200C7EAB8 /* Info.plist */ = {isa = PBXFileReference; lastKnownFileType = text.plist.xml; path = Info.plist; sourceTree = "<group>"; };
/* End PBXFileReference section */

/* Begin PBXFrameworksBuildPhase section */
		6D78882F250B1DC100C7EAB8 /* Frameworks */ = {
			isa = PBXFrameworksBuildPhase;
			buildActionMask = 2147483647;
			files = (
			);
			runOnlyForDeploymentPostprocessing = 0;
		};
		6D788845250B1DC200C7EAB8 /* Frameworks */ = {
			isa = PBXFrameworksBuildPhase;
			buildActionMask = 2147483647;
			files = (
			);
			runOnlyForDeploymentPostprocessing = 0;
		};
		6D788850250B1DC200C7EAB8 /* Frameworks */ = {
			isa = PBXFrameworksBuildPhase;
			buildActionMask = 2147483647;
			files = (
			);
			runOnlyForDeploymentPostprocessing = 0;
		};
/* End PBXFrameworksBuildPhase section */

/* Begin PBXGroup section */
		6D788829250B1DC100C7EAB8 = {
			isa = PBXGroup;
			children = (
				6D788834250B1DC100C7EAB8 /* New */,
				6D78884B250B1DC200C7EAB8 /* NewTests */,
				6D788856250B1DC200C7EAB8 /* NewUITests */,
				6D788833250B1DC100C7EAB8 /* Products */,
			);
			sourceTree = "<group>";
		};
		6D788833250B1DC100C7EAB8 /* Products */ = {
			isa = PBXGroup;
			children = (
				6D788832250B1DC100C7EAB8 /* TextReverser.app */,
				6D788848250B1DC200C7EAB8 /* NewTests.xctest */,
				6D788853250B1DC200C7EAB8 /* NewUITests.xctest */,
			);
			name = Products;
			sourceTree = "<group>";
		};
		6D788834250B1DC100C7EAB8 /* New */ = {
			isa = PBXGroup;
			children = (
				6D788835250B1DC100C7EAB8 /* AppDelegate.swift */,
				6D788837250B1DC100C7EAB8 /* SceneDelegate.swift */,
				6D788839250B1DC100C7EAB8 /* ViewController.swift */,
				6D78883B250B1DC100C7EAB8 /* Main.storyboard */,
				6D78883E250B1DC200C7EAB8 /* Assets.xcassets */,
				6D788840250B1DC200C7EAB8 /* LaunchScreen.storyboard */,
				6D788843250B1DC200C7EAB8 /* Info.plist */,
			);
			path = New;
			sourceTree = "<group>";
		};
		6D78884B250B1DC200C7EAB8 /* NewTests */ = {
			isa = PBXGroup;
			children = (
				6D78884C250B1DC200C7EAB8 /* NewTests.swift */,
				6D78884E250B1DC200C7EAB8 /* Info.plist */,
			);
			path = NewTests;
			sourceTree = "<group>";
		};
		6D788856250B1DC200C7EAB8 /* NewUITests */ = {
			isa = PBXGroup;
			children = (
				6D788857250B1DC200C7EAB8 /* NewUITests.swift */,
				6D788859250B1DC200C7EAB8 /* Info.plist */,
			);
			path = NewUITests;
			sourceTree = "<group>";
		};
/* End PBXGroup section */

/* Begin PBXNativeTarget section */
		6D788831250B1DC100C7EAB8 /* New */ = {
			isa = PBXNativeTarget;
			buildConfigurationList = 6D78885C250B1DC200C7EAB8 /* Build configuration list for PBXNativeTarget "New" */;
			buildPhases = (
				6D78882E250B1DC100C7EAB8 /* Sources */,
				6D78882F250B1DC100C7EAB8 /* Frameworks */,
				6D788830250B1DC100C7EAB8 /* Resources */,
			);
			buildRules = (
			);
			dependencies = (
			);
			name = New;
			productName = New;
			productReference = 6D788832250B1DC100C7EAB8 /* TextReverser.app */;
			productType = "com.apple.product-type.application";
		};
		6D788847250B1DC200C7EAB8 /* NewTests */ = {
			isa = PBXNativeTarget;
			buildConfigurationList = 6D78885F250B1DC200C7EAB8 /* Build configuration list for PBXNativeTarget "NewTests" */;
			buildPhases = (
				6D788844250B1DC200C7EAB8 /* Sources */,
				6D788845250B1DC200C7EAB8 /* Frameworks */,
				6D788846250B1DC200C7EAB8 /* Resources */,
			);
			buildRules = (
			);
			dependencies = (
				6D78884A250B1DC200C7EAB8 /* PBXTargetDependency */,
			);
			name = NewTests;
			productName = NewTests;
			productReference = 6D788848250B1DC200C7EAB8 /* NewTests.xctest */;
			productType = "com.apple.product-type.bundle.unit-test";
		};
		6D788852250B1DC200C7EAB8 /* NewUITests */ = {
			isa = PBXNativeTarget;
			buildConfigurationList = 6D788862250B1DC200C7EAB8 /* Build configuration list for PBXNativeTarget "NewUITests" */;
			buildPhases = (
				6D78884F250B1DC200C7EAB8 /* Sources */,
				6D788850250B1DC200C7EAB8 /* Frameworks */,
				6D788851250B1DC200C7EAB8 /* Resources */,
			);
			buildRules = (
			);
			dependencies = (
				6D788855250B1DC200C7EAB8 /* PBXTargetDependency */,
			);
			name = NewUITests;
			productName = NewUITests;
			productReference = 6D788853250B1DC200C7EAB8 /* NewUITests.xctest */;
			productType = "com.apple.product-type.bundle.ui-testing";
		};
/* End PBXNativeTarget section */

/* Begin PBXProject section */
		6D78882A250B1DC100C7EAB8 /* Project object */ = {
			isa = PBXProject;
			attributes = {
				LastSwiftUpdateCheck = 1150;
				LastUpgradeCheck = 1150;
				ORGANIZATIONNAME = "Michael Tang";
				TargetAttributes = {
					6D788831250B1DC100C7EAB8 = {
						CreatedOnToolsVersion = 11.5;
					};
					6D788847250B1DC200C7EAB8 = {
						CreatedOnToolsVersion = 11.5;
						TestTargetID = 6D788831250B1DC100C7EAB8;
					};
					6D788852250B1DC200C7EAB8 = {
						CreatedOnToolsVersion = 11.5;
						TestTargetID = 6D788831250B1DC100C7EAB8;
					};
				};
			};
			buildConfigurationList = 6D78882D250B1DC100C7EAB8 /* Build configuration list for PBXProject "New" */;
			compatibilityVersion = "Xcode 9.3";
			developmentRegion = en;
			hasScannedForEncodings = 0;
			knownRegions = (
				en,
				Base,
			);
			mainGroup = 6D788829250B1DC100C7EAB8;
			productRefGroup = 6D788833250B1DC100C7EAB8 /* Products */;
			projectDirPath = "";
			projectRoot = "";
			targets = (
				6D788831250B1DC100C7EAB8 /* New */,
				6D788847250B1DC200C7EAB8 /* NewTests */,
				6D788852250B1DC200C7EAB8 /* NewUITests */,
			);
		};
/* End PBXProject section */

/* Begin PBXResourcesBuildPhase section */
		6D788830250B1DC100C7EAB8 /* Resources */ = {
			isa = PBXResourcesBuildPhase;
			buildActionMask = 2147483647;
			files = (
				6D788842250B1DC200C7EAB8 /* LaunchScreen.storyboard in Resources */,
				6D78883F250B1DC200C7EAB8 /* Assets.xcassets in Resources */,
				6D78883D250B1DC100C7EAB8 /* Main.storyboard in Resources */,
			);
			runOnlyForDeploymentPostprocessing = 0;
		};
		6D788846250B1DC200C7EAB8 /* Resources */ = {
			isa = PBXResourcesBuildPhase;
			buildActionMask = 2147483647;
			files = (
			);
			runOnlyForDeploymentPostprocessing = 0;
		};
		6D788851250B1DC200C7EAB8 /* Resources */ = {
			isa = PBXResourcesBuildPhase;
			buildActionMask = 2147483647;
			files = (
			);
			runOnlyForDeploymentPostprocessing = 0;
		};
/* End PBXResourcesBuildPhase section */

/* Begin PBXSourcesBuildPhase section */
		6D78882E250B1DC100C7EAB8 /* Sources */ = {
			isa = PBXSourcesBuildPhase;
			buildActionMask = 2147483647;
			files = (
				6D78883A250B1DC100C7EAB8 /* ViewController.swift in Sources */,
				6D788836250B1DC100C7EAB8 /* AppDelegate.swift in Sources */,
				6D788838250B1DC100C7EAB8 /* SceneDelegate.swift in Sources */,
			);
			runOnlyForDeploymentPostprocessing = 0;
		};
		6D788844250B1DC200C7EAB8 /* Sources */ = {
			isa = PBXSourcesBuildPhase;
			buildActionMask = 2147483647;
			files = (
				6D78884D250B1DC200C7EAB8 /* NewTests.swift in Sources */,
			);
			runOnlyForDeploymentPostprocessing = 0;
		};
		6D78884F250B1DC200C7EAB8 /* Sources */ = {
			isa = PBXSourcesBuildPhase;
			buildActionMask = 2147483647;
			files = (
				6D788858250B1DC200C7EAB8 /* NewUITests.swift in Sources */,
			);
			runOnlyForDeploymentPostprocessing = 0;
		};
/* End PBXSourcesBuildPhase section */

/* Begin PBXTargetDependency section */
		6D78884A250B1DC200C7EAB8 /* PBXTargetDependency */ = {
			isa = PBXTargetDependency;
			target = 6D788831250B1DC100C7EAB8 /* New */;
			targetProxy = 6D788849250B1DC200C7EAB8 /* PBXContainerItemProxy */;
		};
		6D788855250B1DC200C7EAB8 /* PBXTargetDependency */ = {
			isa = PBXTargetDependency;
			target = 6D788831250B1DC100C7EAB8 /* New */;
			targetProxy = 6D788854250B1DC200C7EAB8 /* PBXContainerItemProxy */;
		};
/* End PBXTargetDependency section */

/* Begin PBXVariantGroup section */
		6D78883B250B1DC100C7EAB8 /* Main.storyboard */ = {
			isa = PBXVariantGroup;
			children = (
				6D78883C250B1DC100C7EAB8 /* Base */,
			);
			name = Main.storyboard;
			sourceTree = "<group>";
		};
		6D788840250B1DC200C7EAB8 /* LaunchScreen.storyboard */ = {
			isa = PBXVariantGroup;
			children = (
				6D788841250B1DC200C7EAB8 /* Base */,
			);
			name = LaunchScreen.storyboard;
			sourceTree = "<group>";
		};
/* End PBXVariantGroup section */

/* Begin XCBuildConfiguration section */
		6D78885A250B1DC200C7EAB8 /* Debug */ = {
			isa = XCBuildConfiguration;
			buildSettings = {
				ALWAYS_SEARCH_USER_PATHS = NO;
				CLANG_ANALYZER_NONNULL = YES;
				CLANG_ANALYZER_NUMBER_OBJECT_CONVERSION = YES_AGGRESSIVE;
				CLANG_CXX_LANGUAGE_STANDARD = "gnu++14";
				CLANG_CXX_LIBRARY = "libc++";
				CLANG_ENABLE_MODULES = YES;
				CLANG_ENABLE_OBJC_ARC = YES;
				CLANG_ENABLE_OBJC_WEAK = YES;
				CLANG_WARN_BLOCK_CAPTURE_AUTORELEASING = YES;
				CLANG_WARN_BOOL_CONVERSION = YES;
				CLANG_WARN_COMMA = YES;
				CLANG_WARN_CONSTANT_CONVERSION = YES;
				CLANG_WARN_DEPRECATED_OBJC_IMPLEMENTATIONS = YES;
				CLANG_WARN_DIRECT_OBJC_ISA_USAGE = YES_ERROR;
				CLANG_WARN_DOCUMENTATION_COMMENTS = YES;
				CLANG_WARN_EMPTY_BODY = YES;
				CLANG_WARN_ENUM_CONVERSION = YES;
				CLANG_WARN_INFINITE_RECURSION = YES;
				CLANG_WARN_INT_CONVERSION = YES;
				CLANG_WARN_NON_LITERAL_NULL_CONVERSION = YES;
				CLANG_WARN_OBJC_IMPLICIT_RETAIN_SELF = YES;
				CLANG_WARN_OBJC_LITERAL_CONVERSION = YES;
				CLANG_WARN_OBJC_ROOT_CLASS = YES_ERROR;
				CLANG_WARN_RANGE_LOOP_ANALYSIS = YES;
				CLANG_WARN_STRICT_PROTOTYPES = YES;
				CLANG_WARN_SUSPICIOUS_MOVE = YES;
				CLANG_WARN_UNGUARDED_AVAILABILITY = YES_AGGRESSIVE;
				CLANG_WARN_UNREACHABLE_CODE = YES;
				CLANG_WARN__DUPLICATE_METHOD_MATCH = YES;
				COPY_PHASE_STRIP = NO;
				DEBUG_INFORMATION_FORMAT = dwarf;
				ENABLE_STRICT_OBJC_MSGSEND = YES;
				ENABLE_TESTABILITY = YES;
				GCC_C_LANGUAGE_STANDARD = gnu11;
				GCC_DYNAMIC_NO_PIC = NO;
				GCC_NO_COMMON_BLOCKS = YES;
				GCC_OPTIMIZATION_LEVEL = 0;
				GCC_PREPROCESSOR_DEFINITIONS = (
					"DEBUG=1",
					"$(inherited)",
				);
				GCC_WARN_64_TO_32_BIT_CONVERSION = YES;
				GCC_WARN_ABOUT_RETURN_TYPE = YES_ERROR;
				GCC_WARN_UNDECLARED_SELECTOR = YES;
				GCC_WARN_UNINITIALIZED_AUTOS = YES_AGGRESSIVE;
				GCC_WARN_UNUSED_FUNCTION = YES;
				GCC_WARN_UNUSED_VARIABLE = YES;
				IPHONEOS_DEPLOYMENT_TARGET = 13.5;
				MTL_ENABLE_DEBUG_INFO = INCLUDE_SOURCE;
				MTL_FAST_MATH = YES;
				ONLY_ACTIVE_ARCH = YES;
				SDKROOT = iphoneos;
				SWIFT_ACTIVE_COMPILATION_CONDITIONS = DEBUG;
				SWIFT_OPTIMIZATION_LEVEL = "-Onone";
			};
			name = Debug;
		};
		6D78885B250B1DC200C7EAB8 /* Release */ = {
			isa = XCBuildConfiguration;
			buildSettings = {
				ALWAYS_SEARCH_USER_PATHS = NO;
				CLANG_ANALYZER_NONNULL = YES;
				CLANG_ANALYZER_NUMBER_OBJECT_CONVERSION = YES_AGGRESSIVE;
				CLANG_CXX_LANGUAGE_STANDARD = "gnu++14";
				CLANG_CXX_LIBRARY = "libc++";
				CLANG_ENABLE_MODULES = YES;
				CLANG_ENABLE_OBJC_ARC = YES;
				CLANG_ENABLE_OBJC_WEAK = YES;
				CLANG_WARN_BLOCK_CAPTURE_AUTORELEASING = YES;
				CLANG_WARN_BOOL_CONVERSION = YES;
				CLANG_WARN_COMMA = YES;
				CLANG_WARN_CONSTANT_CONVERSION = YES;
				CLANG_WARN_DEPRECATED_OBJC_IMPLEMENTATIONS = YES;
				CLANG_WARN_DIRECT_OBJC_ISA_USAGE = YES_ERROR;
				CLANG_WARN_DOCUMENTATION_COMMENTS = YES;
				CLANG_WARN_EMPTY_BODY = YES;
				CLANG_WARN_ENUM_CONVERSION = YES;
				CLANG_WARN_INFINITE_RECURSION = YES;
				CLANG_WARN_INT_CONVERSION = YES;
				CLANG_WARN_NON_LITERAL_NULL_CONVERSION = YES;
				CLANG_WARN_OBJC_IMPLICIT_RETAIN_SELF = YES;
				CLANG_WARN_OBJC_LITERAL_CONVERSION = YES;
				CLANG_WARN_OBJC_ROOT_CLASS = YES_ERROR;
				CLANG_WARN_RANGE_LOOP_ANALYSIS = YES;
				CLANG_WARN_STRICT_PROTOTYPES = YES;
				CLANG_WARN_SUSPICIOUS_MOVE = YES;
				CLANG_WARN_UNGUARDED_AVAILABILITY = YES_AGGRESSIVE;
				CLANG_WARN_UNREACHABLE_CODE = YES;
				CLANG_WARN__DUPLICATE_METHOD_MATCH = YES;
				COPY_PHASE_STRIP = NO;
				DEBUG_INFORMATION_FORMAT = "dwarf-with-dsym";
				ENABLE_NS_ASSERTIONS = NO;
				ENABLE_STRICT_OBJC_MSGSEND = YES;
				GCC_C_LANGUAGE_STANDARD = gnu11;
				GCC_NO_COMMON_BLOCKS = YES;
				GCC_WARN_64_TO_32_BIT_CONVERSION = YES;
				GCC_WARN_ABOUT_RETURN_TYPE = YES_ERROR;
				GCC_WARN_UNDECLARED_SELECTOR = YES;
				GCC_WARN_UNINITIALIZED_AUTOS = YES_AGGRESSIVE;
				GCC_WARN_UNUSED_FUNCTION = YES;
				GCC_WARN_UNUSED_VARIABLE = YES;
				IPHONEOS_DEPLOYMENT_TARGET = 13.5;
				MTL_ENABLE_DEBUG_INFO = NO;
				MTL_FAST_MATH = YES;
				SDKROOT = iphoneos;
				SWIFT_COMPILATION_MODE = wholemodule;
				SWIFT_OPTIMIZATION_LEVEL = "-O";
				VALIDATE_PRODUCT = YES;
			};
			name = Release;
		};
		6D78885D250B1DC200C7EAB8 /* Debug */ = {
			isa = XCBuildConfiguration;
			buildSettings = {
				ASSETCATALOG_COMPILER_APPICON_NAME = AppIcon;
				CODE_SIGN_STYLE = Automatic;
				DEVELOPMENT_TEAM = RZTD869J8E;
				INFOPLIST_FILE = New/Info.plist;
				LD_RUNPATH_SEARCH_PATHS = (
					"$(inherited)",
					"@executable_path/Frameworks",
				);
				PRODUCT_BUNDLE_IDENTIFIER = com.aeix.New;
				PRODUCT_NAME = TextReverser;
				SWIFT_VERSION = 5.0;
				TARGETED_DEVICE_FAMILY = "1,2";
			};
			name = Debug;
		};
		6D78885E250B1DC200C7EAB8 /* Release */ = {
			isa = XCBuildConfiguration;
			buildSettings = {
				ASSETCATALOG_COMPILER_APPICON_NAME = AppIcon;
				CODE_SIGN_STYLE = Automatic;
				DEVELOPMENT_TEAM = RZTD869J8E;
				INFOPLIST_FILE = New/Info.plist;
				LD_RUNPATH_SEARCH_PATHS = (
					"$(inherited)",
					"@executable_path/Frameworks",
				);
				PRODUCT_BUNDLE_IDENTIFIER = com.aeix.New;
				PRODUCT_NAME = TextReverser;
				SWIFT_VERSION = 5.0;
				TARGETED_DEVICE_FAMILY = "1,2";
			};
			name = Release;
		};
		6D788860250B1DC200C7EAB8 /* Debug */ = {
			isa = XCBuildConfiguration;
			buildSettings = {
				ALWAYS_EMBED_SWIFT_STANDARD_LIBRARIES = YES;
				BUNDLE_LOADER = "$(TEST_HOST)";
				CODE_SIGN_STYLE = Automatic;
				DEVELOPMENT_TEAM = RZTD869J8E;
				INFOPLIST_FILE = NewTests/Info.plist;
				IPHONEOS_DEPLOYMENT_TARGET = 13.5;
				LD_RUNPATH_SEARCH_PATHS = (
					"$(inherited)",
					"@executable_path/Frameworks",
					"@loader_path/Frameworks",
				);
				PRODUCT_BUNDLE_IDENTIFIER = com.aeix.NewTests;
				PRODUCT_NAME = "$(TARGET_NAME)";
				SWIFT_VERSION = 5.0;
				TARGETED_DEVICE_FAMILY = "1,2";
				TEST_HOST = "$(BUILT_PRODUCTS_DIR)/New.app/New";
			};
			name = Debug;
		};
		6D788861250B1DC200C7EAB8 /* Release */ = {
			isa = XCBuildConfiguration;
			buildSettings = {
				ALWAYS_EMBED_SWIFT_STANDARD_LIBRARIES = YES;
				BUNDLE_LOADER = "$(TEST_HOST)";
				CODE_SIGN_STYLE = Automatic;
				DEVELOPMENT_TEAM = RZTD869J8E;
				INFOPLIST_FILE = NewTests/Info.plist;
				IPHONEOS_DEPLOYMENT_TARGET = 13.5;
				LD_RUNPATH_SEARCH_PATHS = (
					"$(inherited)",
					"@executable_path/Frameworks",
					"@loader_path/Frameworks",
				);
				PRODUCT_BUNDLE_IDENTIFIER = com.aeix.NewTests;
				PRODUCT_NAME = "$(TARGET_NAME)";
				SWIFT_VERSION = 5.0;
				TARGETED_DEVICE_FAMILY = "1,2";
				TEST_HOST = "$(BUILT_PRODUCTS_DIR)/New.app/New";
			};
			name = Release;
		};
		6D788863250B1DC200C7EAB8 /* Debug */ = {
			isa = XCBuildConfiguration;
			buildSettings = {
				ALWAYS_EMBED_SWIFT_STANDARD_LIBRARIES = YES;
				CODE_SIGN_STYLE = Automatic;
				DEVELOPMENT_TEAM = RZTD869J8E;
				INFOPLIST_FILE = NewUITests/Info.plist;
				LD_RUNPATH_SEARCH_PATHS = (
					"$(inherited)",
					"@executable_path/Frameworks",
					"@loader_path/Frameworks",
				);
				PRODUCT_BUNDLE_IDENTIFIER = com.aeix.NewUITests;
				PRODUCT_NAME = "$(TARGET_NAME)";
				SWIFT_VERSION = 5.0;
				TARGETED_DEVICE_FAMILY = "1,2";
				TEST_TARGET_NAME = New;
			};
			name = Debug;
		};
		6D788864250B1DC200C7EAB8 /* Release */ = {
			isa = XCBuildConfiguration;
			buildSettings = {
				ALWAYS_EMBED_SWIFT_STANDARD_LIBRARIES = YES;
				CODE_SIGN_STYLE = Automatic;
				DEVELOPMENT_TEAM = RZTD869J8E;
				INFOPLIST_FILE = NewUITests/Info.plist;
				LD_RUNPATH_SEARCH_PATHS = (
					"$(inherited)",
					"@executable_path/Frameworks",
					"@loader_path/Frameworks",
				);
				PRODUCT_BUNDLE_IDENTIFIER = com.aeix.NewUITests;
				PRODUCT_NAME = "$(TARGET_NAME)";
				SWIFT_VERSION = 5.0;
				TARGETED_DEVICE_FAMILY = "1,2";
				TEST_TARGET_NAME = New;
			};
			name = Release;
		};
/* End XCBuildConfiguration section */

/* Begin XCConfigurationList section */
		6D78882D250B1DC100C7EAB8 /* Build configuration list for PBXProject "New" */ = {
			isa = XCConfigurationList;
			buildConfigurations = (
				6D78885A250B1DC200C7EAB8 /* Debug */,
				6D78885B250B1DC200C7EAB8 /* Release */,
			);
			defaultConfigurationIsVisible = 0;
			defaultConfigurationName = Release;
		};
		6D78885C250B1DC200C7EAB8 /* Build configuration list for PBXNativeTarget "New" */ = {
			isa = XCConfigurationList;
			buildConfigurations = (
				6D78885D250B1DC200C7EAB8 /* Debug */,
				6D78885E250B1DC200C7EAB8 /* Release */,
			);
			defaultConfigurationIsVisible = 0;
			defaultConfigurationName = Release;
		};
		6D78885F250B1DC200C7EAB8 /* Build configuration list for PBXNativeTarget "NewTests" */ = {
			isa = XCConfigurationList;
			buildConfigurations = (
				6D788860250B1DC200C7EAB8 /* Debug */,
				6D788861250B1DC200C7EAB8 /* Release */,
			);
			defaultConfigurationIsVisible = 0;
			defaultConfigurationName = Release;
		};
		6D788862250B1DC200C7EAB8 /* Build configuration list for PBXNativeTarget "NewUITests" */ = {
			isa = XCConfigurationList;
			buildConfigurations = (
				6D788863250B1DC200C7EAB8 /* Debug */,
				6D788864250B1DC200C7EAB8 /* Release */,
			);
			defaultConfigurationIsVisible = 0;
			defaultConfigurationName = Release;
		};
/* End XCConfigurationList section */
	};
	rootObject = 6D78882A250B1DC100C7EAB8 /* Project object */;
}
